
Microsoft Visual Studio Solution File, Format Version 12.00
# Visual Studio Version 17
VisualStudioVersion = 17.6.33829.357
MinimumVisualStudioVersion = 10.0.40219.1
Project("{FAE04EC0-301F-11D3-BF4B-00C04F79EFBC}") = "AquelPlugin", "AquelPlugin.csproj", "{CCD4CD2B-B55F-4CE5-B751-08D30938D6A8}"
EndProject
Global
	GlobalSection(SolutionConfigurationPlatforms) = preSolution
		Debug|Any CPU = Debug|Any CPU
		Release|Any CPU = Release|Any CPU
	EndGlobalSection
	GlobalSection(ProjectConfigurationPlatforms) = postSolution
		{CCD4CD2B-B55F-4CE5-B751-08D30938D6A8}.Debug|Any CPU.ActiveCfg = Debug|Any CPU
		{CCD4CD2B-B55F-4CE5-B751-08D30938D6A8}.Debug|Any CPU.Build.0 = Debug|Any CPU
		{CCD4CD2B-B55F-4CE5-B751-08D30938D6A8}.Release|Any CPU.ActiveCfg = Release|Any CPU
		{CCD4CD2B-B55F-4CE5-B751-08D30938D6A8}.Release|Any CPU.Build.0 = Release|Any CPU
	EndGlobalSection
	GlobalSection(SolutionProperties) = preSolution
		HideSolutionNode = FALSE
	EndGlobalSection
	GlobalSection(ExtensibilityGlobals) = postSolution
		SolutionGuid = {83EB5FBD-8029-4902-8FD3-062076E228B3}
	EndGlobalSection
EndGlobal
